// !$*UTF8*$!
{
	archiveVersion = 1;
	classes = {
	};
	objectVersion = 48;
	objects = {

/* Begin PBXBuildFile section */
		DFBCBC41205ED5CB0098D7EA /* AppDelegate.swift in Sources */ = {isa = PBXBuildFile; fileRef = DFBCBC40205ED5CB0098D7EA /* AppDelegate.swift */; };
		DFBCBC43205ED5CB0098D7EA /* ViewController.swift in Sources */ = {isa = PBXBuildFile; fileRef = DFBCBC42205ED5CB0098D7EA /* ViewController.swift */; };
		DFBCBC46205ED5CB0098D7EA /* Main.storyboard in Resources */ = {isa = PBXBuildFile; fileRef = DFBCBC44205ED5CB0098D7EA /* Main.storyboard */; };
		DFBCBC48205ED5CB0098D7EA /* Assets.xcassets in Resources */ = {isa = PBXBuildFile; fileRef = DFBCBC47205ED5CB0098D7EA /* Assets.xcassets */; };
		DFBCBC4B205ED5CB0098D7EA /* LaunchScreen.storyboard in Resources */ = {isa = PBXBuildFile; fileRef = DFBCBC49205ED5CB0098D7EA /* LaunchScreen.storyboard */; };
/* End PBXBuildFile section */

/* Begin PBXFileReference section */
		DFBCBC3D205ED5CB0098D7EA /* uber_for_riders.app */ = {isa = PBXFileReference; explicitFileType = wrapper.application; includeInIndex = 0; path = uber_for_riders.app; sourceTree = BUILT_PRODUCTS_DIR; };
		DFBCBC40205ED5CB0098D7EA /* AppDelegate.swift */ = {isa = PBXFileReference; lastKnownFileType = sourcecode.swift; path = AppDelegate.swift; sourceTree = "<group>"; };
		DFBCBC42205ED5CB0098D7EA /* ViewController.swift */ = {isa = PBXFileReference; lastKnownFileType = sourcecode.swift; path = ViewController.swift; sourceTree = "<group>"; };
		DFBCBC45205ED5CB0098D7EA /* Base */ = {isa = PBXFileReference; lastKnownFileType = file.storyboard; name = Base; path = Base.lproj/Main.storyboard; sourceTree = "<group>"; };
		DFBCBC47205ED5CB0098D7EA /* Assets.xcassets */ = {isa = PBXFileReference; lastKnownFileType = folder.assetcatalog; path = Assets.xcassets; sourceTree = "<group>"; };
		DFBCBC4A205ED5CB0098D7EA /* Base */ = {isa = PBXFileReference; lastKnownFileType = file.storyboard; name = Base; path = Base.lproj/LaunchScreen.storyboard; sourceTree = "<group>"; };
		DFBCBC4C205ED5CB0098D7EA /* Info.plist */ = {isa = PBXFileReference; lastKnownFileType = text.plist.xml; path = Info.plist; sourceTree = "<group>"; };
/* End PBXFileReference section */

/* Begin PBXFrameworksBuildPhase section */
		DFBCBC3A205ED5CB0098D7EA /* Frameworks */ = {
			isa = PBXFrameworksBuildPhase;
			buildActionMask = 2147483647;
			files = (
			);
			runOnlyForDeploymentPostprocessing = 0;
		};
/* End PBXFrameworksBuildPhase section */

/* Begin PBXGroup section */
		DFBCBC34205ED5CB0098D7EA = {
			isa = PBXGroup;
			children = (
				DFBCBC3F205ED5CB0098D7EA /* uber_for_riders */,
				DFBCBC3E205ED5CB0098D7EA /* Products */,
			);
			sourceTree = "<group>";
		};
		DFBCBC3E205ED5CB0098D7EA /* Products */ = {
			isa = PBXGroup;
			children = (
				DFBCBC3D205ED5CB0098D7EA /* uber_for_riders.app */,
			);
			name = Products;
			sourceTree = "<group>";
		};
		DFBCBC3F205ED5CB0098D7EA /* uber_for_riders */ = {
			isa = PBXGroup;
			children = (
				DFBCBC40205ED5CB0098D7EA /* AppDelegate.swift */,
				DFBCBC42205ED5CB0098D7EA /* ViewController.swift */,
				DFBCBC44205ED5CB0098D7EA /* Main.storyboard */,
				DFBCBC47205ED5CB0098D7EA /* Assets.xcassets */,
				DFBCBC49205ED5CB0098D7EA /* LaunchScreen.storyboard */,
				DFBCBC4C205ED5CB0098D7EA /* Info.plist */,
			);
			path = uber_for_riders;
			sourceTree = "<group>";
		};
/* End PBXGroup section */

/* Begin PBXNativeTarget section */
		DFBCBC3C205ED5CB0098D7EA /* uber_for_riders */ = {
			isa = PBXNativeTarget;
			buildConfigurationList = DFBCBC4F205ED5CB0098D7EA /* Build configuration list for PBXNativeTarget "uber_for_riders" */;
			buildPhases = (
				DFBCBC39205ED5CB0098D7EA /* Sources */,
				DFBCBC3A205ED5CB0098D7EA /* Frameworks */,
				DFBCBC3B205ED5CB0098D7EA /* Resources */,
			);
			buildRules = (
			);
			dependencies = (
			);
			name = uber_for_riders;
			productName = uber_for_riders;
			productReference = DFBCBC3D205ED5CB0098D7EA /* uber_for_riders.app */;
			productType = "com.apple.product-type.application";
		};
/* End PBXNativeTarget section */

/* Begin PBXProject section */
		DFBCBC35205ED5CB0098D7EA /* Project object */ = {
			isa = PBXProject;
			attributes = {
				LastSwiftUpdateCheck = 0920;
				LastUpgradeCheck = 0920;
				ORGANIZATIONNAME = "Yermakov Anton";
				TargetAttributes = {
					DFBCBC3C205ED5CB0098D7EA = {
						CreatedOnToolsVersion = 9.2;
						ProvisioningStyle = Automatic;
					};
				};
			};
			buildConfigurationList = DFBCBC38205ED5CB0098D7EA /* Build configuration list for PBXProject "uber_for_riders" */;
			compatibilityVersion = "Xcode 8.0";
			developmentRegion = en;
			hasScannedForEncodings = 0;
			knownRegions = (
				en,
				Base,
			);
			mainGroup = DFBCBC34205ED5CB0098D7EA;
			productRefGroup = DFBCBC3E205ED5CB0098D7EA /* Products */;
			projectDirPath = "";
			projectRoot = "";
			targets = (
				DFBCBC3C205ED5CB0098D7EA /* uber_for_riders */,
			);
		};
/* End PBXProject section */

/* Begin PBXResourcesBuildPhase section */
		DFBCBC3B205ED5CB0098D7EA /* Resources */ = {
			isa = PBXResourcesBuildPhase;
			buildActionMask = 2147483647;
			files = (
				DFBCBC4B205ED5CB0098D7EA /* LaunchScreen.storyboard in Resources */,
				DFBCBC48205ED5CB0098D7EA /* Assets.xcassets in Resources */,
				DFBCBC46205ED5CB0098D7EA /* Main.storyboard in Resources */,
			);
			runOnlyForDeploymentPostprocessing = 0;
		};
/* End PBXResourcesBuildPhase section */

/* Begin PBXSourcesBuildPhase section */
		DFBCBC39205ED5CB0098D7EA /* Sources */ = {
			isa = PBXSourcesBuildPhase;
			buildActionMask = 2147483647;
			files = (
				DFBCBC43205ED5CB0098D7EA /* ViewController.swift in Sources */,
				DFBCBC41205ED5CB0098D7EA /* AppDelegate.swift in Sources */,
			);
			runOnlyForDeploymentPostprocessing = 0;
		};
/* End PBXSourcesBuildPhase section */

/* Begin PBXVariantGroup section */
		DFBCBC44205ED5CB0098D7EA /* Main.storyboard */ = {
			isa = PBXVariantGroup;
			children = (
				DFBCBC45205ED5CB0098D7EA /* Base */,
			);
			name = Main.storyboard;
			sourceTree = "<group>";
		};
		DFBCBC49205ED5CB0098D7EA /* LaunchScreen.storyboard */ = {
			isa = PBXVariantGroup;
			children = (
				DFBCBC4A205ED5CB0098D7EA /* Base */,
			);
			name = LaunchScreen.storyboard;
			sourceTree = "<group>";
		};
/* End PBXVariantGroup section */

/* Begin XCBuildConfiguration section */
		DFBCBC4D205ED5CB0098D7EA /* Debug */ = {
			isa = XCBuildConfiguration;
			buildSettings = {
				ALWAYS_SEARCH_USER_PATHS = NO;
				CLANG_ANALYZER_NONNULL = YES;
				CLANG_ANALYZER_NUMBER_OBJECT_CONVERSION = YES_AGGRESSIVE;
				CLANG_CXX_LANGUAGE_STANDARD = "gnu++14";
				CLANG_CXX_LIBRARY = "libc++";
				CLANG_ENABLE_MODULES = YES;
				CLANG_ENABLE_OBJC_ARC = YES;
				CLANG_WARN_BLOCK_CAPTURE_AUTORELEASING = YES;
				CLANG_WARN_BOOL_CONVERSION = YES;
				CLANG_WARN_COMMA = YES;
				CLANG_WARN_CONSTANT_CONVERSION = YES;
				CLANG_WARN_DIRECT_OBJC_ISA_USAGE = YES_ERROR;
				CLANG_WARN_DOCUMENTATION_COMMENTS = YES;
				CLANG_WARN_EMPTY_BODY = YES;
				CLANG_WARN_ENUM_CONVERSION = YES;
				CLANG_WARN_INFINITE_RECURSION = YES;
				CLANG_WARN_INT_CONVERSION = YES;
				CLANG_WARN_NON_LITERAL_NULL_CONVERSION = YES;
				CLANG_WARN_OBJC_LITERAL_CONVERSION = YES;
				CLANG_WARN_OBJC_ROOT_CLASS = YES_ERROR;
				CLANG_WARN_RANGE_LOOP_ANALYSIS = YES;
				CLANG_WARN_STRICT_PROTOTYPES = YES;
				CLANG_WARN_SUSPICIOUS_MOVE = YES;
				CLANG_WARN_UNGUARDED_AVAILABILITY = YES_AGGRESSIVE;
				CLANG_WARN_UNREACHABLE_CODE = YES;
				CLANG_WARN__DUPLICATE_METHOD_MATCH = YES;
				CODE_SIGN_IDENTITY = "iPhone Developer";
				COPY_PHASE_STRIP = NO;
				DEBUG_INFORMATION_FORMAT = dwarf;
				ENABLE_STRICT_OBJC_MSGSEND = YES;
				ENABLE_TESTABILITY = YES;
				GCC_C_LANGUAGE_STANDARD = gnu11;
				GCC_DYNAMIC_NO_PIC = NO;
				GCC_NO_COMMON_BLOCKS = YES;
				GCC_OPTIMIZATION_LEVEL = 0;
				GCC_PREPROCESSOR_DEFINITIONS = (
					"DEBUG=1",
					"$(inherited)",
				);
				GCC_WARN_64_TO_32_BIT_CONVERSION = YES;
				GCC_WARN_ABOUT_RETURN_TYPE = YES_ERROR;
				GCC_WARN_UNDECLARED_SELECTOR = YES;
				GCC_WARN_UNINITIALIZED_AUTOS = YES_AGGRESSIVE;
				GCC_WARN_UNUSED_FUNCTION = YES;
				GCC_WARN_UNUSED_VARIABLE = YES;
				IPHONEOS_DEPLOYMENT_TARGET = 11.2;
				MTL_ENABLE_DEBUG_INFO = YES;
				ONLY_ACTIVE_ARCH = YES;
				SDKROOT = iphoneos;
				SWIFT_ACTIVE_COMPILATION_CONDITIONS = DEBUG;
				SWIFT_OPTIMIZATION_LEVEL = "-Onone";
			};
			name = Debug;
		};
		DFBCBC4E205ED5CB0098D7EA /* Release */ = {
			isa = XCBuildConfiguration;
			buildSettings = {
				ALWAYS_SEARCH_USER_PATHS = NO;
				CLANG_ANALYZER_NONNULL = YES;
				CLANG_ANALYZER_NUMBER_OBJECT_CONVERSION = YES_AGGRESSIVE;
				CLANG_CXX_LANGUAGE_STANDARD = "gnu++14";
				CLANG_CXX_LIBRARY = "libc++";
				CLANG_ENABLE_MODULES = YES;
				CLANG_ENABLE_OBJC_ARC = YES;
				CLANG_WARN_BLOCK_CAPTURE_AUTORELEASING = YES;
				CLANG_WARN_BOOL_CONVERSION = YES;
				CLANG_WARN_COMMA = YES;
				CLANG_WARN_CONSTANT_CONVERSION = YES;
				CLANG_WARN_DIRECT_OBJC_ISA_USAGE = YES_ERROR;
				CLANG_WARN_DOCUMENTATION_COMMENTS = YES;
				CLANG_WARN_EMPTY_BODY = YES;
				CLANG_WARN_ENUM_CONVERSION = YES;
				CLANG_WARN_INFINITE_RECURSION = YES;
				CLANG_WARN_INT_CONVERSION = YES;
				CLANG_WARN_NON_LITERAL_NULL_CONVERSION = YES;
				CLANG_WARN_OBJC_LITERAL_CONVERSION = YES;
				CLANG_WARN_OBJC_ROOT_CLASS = YES_ERROR;
				CLANG_WARN_RANGE_LOOP_ANALYSIS = YES;
				CLANG_WARN_STRICT_PROTOTYPES = YES;
				CLANG_WARN_SUSPICIOUS_MOVE = YES;
				CLANG_WARN_UNGUARDED_AVAILABILITY = YES_AGGRESSIVE;
				CLANG_WARN_UNREACHABLE_CODE = YES;
				CLANG_WARN__DUPLICATE_METHOD_MATCH = YES;
				CODE_SIGN_IDENTITY = "iPhone Developer";
				COPY_PHASE_STRIP = NO;
				DEBUG_INFORMATION_FORMAT = "dwarf-with-dsym";
				ENABLE_NS_ASSERTIONS = NO;
				ENABLE_STRICT_OBJC_MSGSEND = YES;
				GCC_C_LANGUAGE_STANDARD = gnu11;
				GCC_NO_COMMON_BLOCKS = YES;
				GCC_WARN_64_TO_32_BIT_CONVERSION = YES;
				GCC_WARN_ABOUT_RETURN_TYPE = YES_ERROR;
				GCC_WARN_UNDECLARED_SELECTOR = YES;
				GCC_WARN_UNINITIALIZED_AUTOS = YES_AGGRESSIVE;
				GCC_WARN_UNUSED_FUNCTION = YES;
				GCC_WARN_UNUSED_VARIABLE = YES;
				IPHONEOS_DEPLOYMENT_TARGET = 11.2;
				MTL_ENABLE_DEBUG_INFO = NO;
				SDKROOT = iphoneos;
				SWIFT_OPTIMIZATION_LEVEL = "-Owholemodule";
				VALIDATE_PRODUCT = YES;
			};
			name = Release;
		};
		DFBCBC50205ED5CB0098D7EA /* Debug */ = {
			isa = XCBuildConfiguration;
			buildSettings = {
				ASSETCATALOG_COMPILER_APPICON_NAME = AppIcon;
				CODE_SIGN_STYLE = Automatic;
				DEVELOPMENT_TEAM = J4VJ6DKU9Z;
				INFOPLIST_FILE = uber_for_riders/Info.plist;
				LD_RUNPATH_SEARCH_PATHS = "$(inherited) @executable_path/Frameworks";
				PRODUCT_BUNDLE_IDENTIFIER = "-.uber-for-riders";
				PRODUCT_NAME = "$(TARGET_NAME)";
				SWIFT_VERSION = 4.0;
				TARGETED_DEVICE_FAMILY = "1,2";
			};
			name = Debug;
		};
		DFBCBC51205ED5CB0098D7EA /* Release */ = {
			isa = XCBuildConfiguration;
			buildSettings = {
				ASSETCATALOG_COMPILER_APPICON_NAME = AppIcon;
				CODE_SIGN_STYLE = Automatic;
				DEVELOPMENT_TEAM = J4VJ6DKU9Z;
				INFOPLIST_FILE = uber_for_riders/Info.plist;
				LD_RUNPATH_SEARCH_PATHS = "$(inherited) @executable_path/Frameworks";
				PRODUCT_BUNDLE_IDENTIFIER = "-.uber-for-riders";
				PRODUCT_NAME = "$(TARGET_NAME)";
				SWIFT_VERSION = 4.0;
				TARGETED_DEVICE_FAMILY = "1,2";
			};
			name = Release;
		};
/* End XCBuildConfiguration section */

/* Begin XCConfigurationList section */
		DFBCBC38205ED5CB0098D7EA /* Build configuration list for PBXProject "uber_for_riders" */ = {
			isa = XCConfigurationList;
			buildConfigurations = (
				DFBCBC4D205ED5CB0098D7EA /* Debug */,
				DFBCBC4E205ED5CB0098D7EA /* Release */,
			);
			defaultConfigurationIsVisible = 0;
			defaultConfigurationName = Release;
		};
		DFBCBC4F205ED5CB0098D7EA /* Build configuration list for PBXNativeTarget "uber_for_riders" */ = {
			isa = XCConfigurationList;
			buildConfigurations = (
				DFBCBC50205ED5CB0098D7EA /* Debug */,
				DFBCBC51205ED5CB0098D7EA /* Release */,
			);
			defaultConfigurationIsVisible = 0;
			defaultConfigurationName = Release;
		};
/* End XCConfigurationList section */
	};
	rootObject = DFBCBC35205ED5CB0098D7EA /* Project object */;
}
